
Microsoft Visual Studio Solution File, Format Version 12.00
# Visual Studio Version 17
VisualStudioVersion = 17.10.35013.160
MinimumVisualStudioVersion = 10.0.40219.1
Project("{8BC9CEB8-8B4A-11D0-8D11-00A0C91BC942}") = "Prott", "Prott\Prott.vcxproj", "{04884CB2-9716-40C3-88C5-78514BB14F64}"
EndProject
Global
	GlobalSection(SolutionConfigurationPlatforms) = preSolution
		Debug|x64 = Debug|x64
		Debug|x86 = Debug|x86
		Release|x64 = Release|x64
		Release|x86 = Release|x86
	EndGlobalSection
	GlobalSection(ProjectConfigurationPlatforms) = postSolution
		{04884CB2-9716-40C3-88C5-78514BB14F64}.Debug|x64.ActiveCfg = Debug|x64
		{04884CB2-9716-40C3-88C5-78514BB14F64}.Debug|x64.Build.0 = Debug|x64
		{04884CB2-9716-40C3-88C5-78514BB14F64}.Debug|x86.ActiveCfg = Debug|Win32
		{04884CB2-9716-40C3-88C5-78514BB14F64}.Debug|x86.Build.0 = Debug|Win32
		{04884CB2-9716-40C3-88C5-78514BB14F64}.Release|x64.ActiveCfg = Release|x64
		{04884CB2-9716-40C3-88C5-78514BB14F64}.Release|x64.Build.0 = Release|x64
		{04884CB2-9716-40C3-88C5-78514BB14F64}.Release|x86.ActiveCfg = Release|Win32
		{04884CB2-9716-40C3-88C5-78514BB14F64}.Release|x86.Build.0 = Release|Win32
	EndGlobalSection
	GlobalSection(SolutionProperties) = preSolution
		HideSolutionNode = FALSE
	EndGlobalSection
	GlobalSection(ExtensibilityGlobals) = postSolution
		SolutionGuid = {2589A04A-9504-40B7-BD9B-1D74DD644D43}
	EndGlobalSection
EndGlobal
